
Microsoft Visual Studio Solution File, Format Version 12.00
# Visual Studio Version 17
VisualStudioVersion = 17.8.34330.188
MinimumVisualStudioVersion = 10.0.40219.1
Project("{9A19103F-16F7-4668-BE54-9A1E7A4F7556}") = "TastyNibblesSel", "TastyNibblesSel\TastyNibblesSel.csproj", "{E6352EB0-0008-460D-845C-2DC0308BEA79}"
EndProject
Project("{9A19103F-16F7-4668-BE54-9A1E7A4F7556}") = "TastyNibblesBDD", "TastyNibblesBDD\TastyNibblesBDD.csproj", "{328FF323-1441-4723-81E9-A5EC3501E915}"
EndProject
Project("{FAE04EC0-301F-11D3-BF4B-00C04F79EFBC}") = "SwaglabSel", "SwaglabSel\SwaglabSel.csproj", "{5FF169EC-49CD-420D-8191-D28B5686E1FE}"
EndProject
Global
	GlobalSection(SolutionConfigurationPlatforms) = preSolution
		Debug|Any CPU = Debug|Any CPU
		Release|Any CPU = Release|Any CPU
	EndGlobalSection
	GlobalSection(ProjectConfigurationPlatforms) = postSolution
		{E6352EB0-0008-460D-845C-2DC0308BEA79}.Debug|Any CPU.ActiveCfg = Debug|Any CPU
		{E6352EB0-0008-460D-845C-2DC0308BEA79}.Debug|Any CPU.Build.0 = Debug|Any CPU
		{E6352EB0-0008-460D-845C-2DC0308BEA79}.Release|Any CPU.ActiveCfg = Release|Any CPU
		{E6352EB0-0008-460D-845C-2DC0308BEA79}.Release|Any CPU.Build.0 = Release|Any CPU
		{328FF323-1441-4723-81E9-A5EC3501E915}.Debug|Any CPU.ActiveCfg = Debug|Any CPU
		{328FF323-1441-4723-81E9-A5EC3501E915}.Debug|Any CPU.Build.0 = Debug|Any CPU
		{328FF323-1441-4723-81E9-A5EC3501E915}.Release|Any CPU.ActiveCfg = Release|Any CPU
		{328FF323-1441-4723-81E9-A5EC3501E915}.Release|Any CPU.Build.0 = Release|Any CPU
		{5FF169EC-49CD-420D-8191-D28B5686E1FE}.Debug|Any CPU.ActiveCfg = Debug|Any CPU
		{5FF169EC-49CD-420D-8191-D28B5686E1FE}.Debug|Any CPU.Build.0 = Debug|Any CPU
		{5FF169EC-49CD-420D-8191-D28B5686E1FE}.Release|Any CPU.ActiveCfg = Release|Any CPU
		{5FF169EC-49CD-420D-8191-D28B5686E1FE}.Release|Any CPU.Build.0 = Release|Any CPU
	EndGlobalSection
	GlobalSection(SolutionProperties) = preSolution
		HideSolutionNode = FALSE
	EndGlobalSection
	GlobalSection(ExtensibilityGlobals) = postSolution
		SolutionGuid = {A7B7E3BC-FC4D-488F-8689-8C4EFC20C6A4}
	EndGlobalSection
EndGlobal
